
Microsoft Visual Studio Solution File, Format Version 12.00
Project("{FAE04EC0-301F-11D3-BF4B-00C04F79EFBC}") = "SimulationTimeScaleSetting", "SimulationTimeScaleSetting.csproj", "{171E7153-F281-48D3-AEB0-516833D20F96}"
EndProject
Global
	GlobalSection(SolutionConfigurationPlatforms) = preSolution
		Debug|Any CPU = Debug|Any CPU
		Release|Any CPU = Release|Any CPU
	EndGlobalSection
	GlobalSection(ProjectConfigurationPlatforms) = postSolution
		{171E7153-F281-48D3-AEB0-516833D20F96}.Debug|Any CPU.ActiveCfg = Debug|Any CPU
		{171E7153-F281-48D3-AEB0-516833D20F96}.Debug|Any CPU.Build.0 = Debug|Any CPU
		{171E7153-F281-48D3-AEB0-516833D20F96}.Release|Any CPU.ActiveCfg = Release|Any CPU
		{171E7153-F281-48D3-AEB0-516833D20F96}.Release|Any CPU.Build.0 = Release|Any CPU
	EndGlobalSection
EndGlobal
